
Microsoft Visual Studio Solution File, Format Version 12.00
# Visual Studio 15
VisualStudioVersion = 15.0.28307.421
MinimumVisualStudioVersion = 10.0.40219.1
Project("{9A19103F-16F7-4668-BE54-9A1E7A4F7556}") = "Ziro.Web", "Ziro.Web\Ziro.Web.csproj", "{12F1F026-BECB-4A2F-BE0E-892B036A464C}"
EndProject
Project("{9A19103F-16F7-4668-BE54-9A1E7A4F7556}") = "Ziro.Core", "Ziro.Core\Ziro.Core.csproj", "{57BFBFAD-44A2-4346-83FD-8027693C5524}"
EndProject
Project("{9A19103F-16F7-4668-BE54-9A1E7A4F7556}") = "Ziro.Persistence", "Ziro.Persistence\Ziro.Persistence.csproj", "{C1266FB3-C573-41AC-BFF3-EBEB280EAD8C}"
EndProject
Project("{9A19103F-16F7-4668-BE54-9A1E7A4F7556}") = "Ziro.Domain", "Ziro.Domain\Ziro.Domain.csproj", "{AA430049-92E5-43B0-BAD2-9D804EF48802}"
EndProject
Project("{9A19103F-16F7-4668-BE54-9A1E7A4F7556}") = "Ziro.Business", "Ziro.Business\Ziro.Business.csproj", "{93D6017E-9932-41B2-BF79-BE993FB65BD1}"
EndProject
Project("{2150E333-8FDC-42A3-9474-1A3956D46DE8}") = "Modules", "Modules", "{82ED40AA-ADA4-4C53-9100-1B5505ADC9F0}"
EndProject
Project("{9A19103F-16F7-4668-BE54-9A1E7A4F7556}") = "Ziro.Authentication", "Ziro.Authentication\Ziro.Authentication.csproj", "{86765B2B-94C6-40EE-875B-9EAEA72FBD3A}"
EndProject
Project("{2150E333-8FDC-42A3-9474-1A3956D46DE8}") = "Core", "Core", "{3B560913-3457-42C2-9DC1-D9DF0F0FE625}"
EndProject
Project("{9A19103F-16F7-4668-BE54-9A1E7A4F7556}") = "Ziro.Core.Web", "Ziro.Core.Web\Ziro.Core.Web.csproj", "{DB8DF8C3-B050-4039-B8CA-692D58C97FA1}"
EndProject
Global
	GlobalSection(SolutionConfigurationPlatforms) = preSolution
		Debug|Any CPU = Debug|Any CPU
		Release|Any CPU = Release|Any CPU
	EndGlobalSection
	GlobalSection(ProjectConfigurationPlatforms) = postSolution
		{12F1F026-BECB-4A2F-BE0E-892B036A464C}.Debug|Any CPU.ActiveCfg = Debug|Any CPU
		{12F1F026-BECB-4A2F-BE0E-892B036A464C}.Debug|Any CPU.Build.0 = Debug|Any CPU
		{12F1F026-BECB-4A2F-BE0E-892B036A464C}.Release|Any CPU.ActiveCfg = Release|Any CPU
		{12F1F026-BECB-4A2F-BE0E-892B036A464C}.Release|Any CPU.Build.0 = Release|Any CPU
		{57BFBFAD-44A2-4346-83FD-8027693C5524}.Debug|Any CPU.ActiveCfg = Debug|Any CPU
		{57BFBFAD-44A2-4346-83FD-8027693C5524}.Debug|Any CPU.Build.0 = Debug|Any CPU
		{57BFBFAD-44A2-4346-83FD-8027693C5524}.Release|Any CPU.ActiveCfg = Release|Any CPU
		{57BFBFAD-44A2-4346-83FD-8027693C5524}.Release|Any CPU.Build.0 = Release|Any CPU
		{C1266FB3-C573-41AC-BFF3-EBEB280EAD8C}.Debug|Any CPU.ActiveCfg = Debug|Any CPU
		{C1266FB3-C573-41AC-BFF3-EBEB280EAD8C}.Debug|Any CPU.Build.0 = Debug|Any CPU
		{C1266FB3-C573-41AC-BFF3-EBEB280EAD8C}.Release|Any CPU.ActiveCfg = Release|Any CPU
		{C1266FB3-C573-41AC-BFF3-EBEB280EAD8C}.Release|Any CPU.Build.0 = Release|Any CPU
		{AA430049-92E5-43B0-BAD2-9D804EF48802}.Debug|Any CPU.ActiveCfg = Debug|Any CPU
		{AA430049-92E5-43B0-BAD2-9D804EF48802}.Debug|Any CPU.Build.0 = Debug|Any CPU
		{AA430049-92E5-43B0-BAD2-9D804EF48802}.Release|Any CPU.ActiveCfg = Release|Any CPU
		{AA430049-92E5-43B0-BAD2-9D804EF48802}.Release|Any CPU.Build.0 = Release|Any CPU
		{93D6017E-9932-41B2-BF79-BE993FB65BD1}.Debug|Any CPU.ActiveCfg = Debug|Any CPU
		{93D6017E-9932-41B2-BF79-BE993FB65BD1}.Debug|Any CPU.Build.0 = Debug|Any CPU
		{93D6017E-9932-41B2-BF79-BE993FB65BD1}.Release|Any CPU.ActiveCfg = Release|Any CPU
		{93D6017E-9932-41B2-BF79-BE993FB65BD1}.Release|Any CPU.Build.0 = Release|Any CPU
		{86765B2B-94C6-40EE-875B-9EAEA72FBD3A}.Debug|Any CPU.ActiveCfg = Debug|Any CPU
		{86765B2B-94C6-40EE-875B-9EAEA72FBD3A}.Debug|Any CPU.Build.0 = Debug|Any CPU
		{86765B2B-94C6-40EE-875B-9EAEA72FBD3A}.Release|Any CPU.ActiveCfg = Release|Any CPU
		{86765B2B-94C6-40EE-875B-9EAEA72FBD3A}.Release|Any CPU.Build.0 = Release|Any CPU
		{DB8DF8C3-B050-4039-B8CA-692D58C97FA1}.Debug|Any CPU.ActiveCfg = Debug|Any CPU
		{DB8DF8C3-B050-4039-B8CA-692D58C97FA1}.Debug|Any CPU.Build.0 = Debug|Any CPU
		{DB8DF8C3-B050-4039-B8CA-692D58C97FA1}.Release|Any CPU.ActiveCfg = Release|Any CPU
		{DB8DF8C3-B050-4039-B8CA-692D58C97FA1}.Release|Any CPU.Build.0 = Release|Any CPU
	EndGlobalSection
	GlobalSection(SolutionProperties) = preSolution
		HideSolutionNode = FALSE
	EndGlobalSection
	GlobalSection(NestedProjects) = preSolution
		{57BFBFAD-44A2-4346-83FD-8027693C5524} = {3B560913-3457-42C2-9DC1-D9DF0F0FE625}
		{AA430049-92E5-43B0-BAD2-9D804EF48802} = {3B560913-3457-42C2-9DC1-D9DF0F0FE625}
		{86765B2B-94C6-40EE-875B-9EAEA72FBD3A} = {82ED40AA-ADA4-4C53-9100-1B5505ADC9F0}
		{DB8DF8C3-B050-4039-B8CA-692D58C97FA1} = {3B560913-3457-42C2-9DC1-D9DF0F0FE625}
	EndGlobalSection
	GlobalSection(ExtensibilityGlobals) = postSolution
		SolutionGuid = {B9536321-B308-4AD5-9044-B92FD86B20B7}
	EndGlobalSection
EndGlobal
